
Microsoft Visual Studio Solution File, Format Version 12.00
# Visual Studio Version 16
VisualStudioVersion = 16.0.30523.141
MinimumVisualStudioVersion = 10.0.40219.1
Project("{8BC9CEB8-8B4A-11D0-8D11-00A0C91BC942}") = "[AVX]_PIPO_Block_Cipher", "[AVX]_PIPO_Block_Cipher\[AVX]_PIPO_Block_Cipher.vcxproj", "{91CF780F-562F-47C4-BAA9-B31E21C01665}"
EndProject
Global
	GlobalSection(SolutionConfigurationPlatforms) = preSolution
		Debug|x64 = Debug|x64
		Debug|x86 = Debug|x86
		Release|x64 = Release|x64
		Release|x86 = Release|x86
	EndGlobalSection
	GlobalSection(ProjectConfigurationPlatforms) = postSolution
		{91CF780F-562F-47C4-BAA9-B31E21C01665}.Debug|x64.ActiveCfg = Debug|x64
		{91CF780F-562F-47C4-BAA9-B31E21C01665}.Debug|x64.Build.0 = Debug|x64
		{91CF780F-562F-47C4-BAA9-B31E21C01665}.Debug|x86.ActiveCfg = Debug|Win32
		{91CF780F-562F-47C4-BAA9-B31E21C01665}.Debug|x86.Build.0 = Debug|Win32
		{91CF780F-562F-47C4-BAA9-B31E21C01665}.Release|x64.ActiveCfg = Release|x64
		{91CF780F-562F-47C4-BAA9-B31E21C01665}.Release|x64.Build.0 = Release|x64
		{91CF780F-562F-47C4-BAA9-B31E21C01665}.Release|x86.ActiveCfg = Release|Win32
		{91CF780F-562F-47C4-BAA9-B31E21C01665}.Release|x86.Build.0 = Release|Win32
	EndGlobalSection
	GlobalSection(SolutionProperties) = preSolution
		HideSolutionNode = FALSE
	EndGlobalSection
	GlobalSection(ExtensibilityGlobals) = postSolution
		SolutionGuid = {90519639-94C3-4146-A3E6-4806FA810705}
	EndGlobalSection
EndGlobal
